
Microsoft Visual Studio Solution File, Format Version 12.00
# Visual Studio Version 17
VisualStudioVersion = 17.4.33122.133
MinimumVisualStudioVersion = 10.0.40219.1
Project("{FAE04EC0-301F-11D3-BF4B-00C04F79EFBC}") = "Lapa1 OOP.1", "Lapa1 OOP.1\Lapa1 OOP.1.csproj", "{703F2932-D65D-4737-A3C8-FD3F2FAEC047}"
EndProject
Global
	GlobalSection(SolutionConfigurationPlatforms) = preSolution
		Debug|Any CPU = Debug|Any CPU
		Release|Any CPU = Release|Any CPU
	EndGlobalSection
	GlobalSection(ProjectConfigurationPlatforms) = postSolution
		{703F2932-D65D-4737-A3C8-FD3F2FAEC047}.Debug|Any CPU.ActiveCfg = Debug|Any CPU
		{703F2932-D65D-4737-A3C8-FD3F2FAEC047}.Debug|Any CPU.Build.0 = Debug|Any CPU
		{703F2932-D65D-4737-A3C8-FD3F2FAEC047}.Release|Any CPU.ActiveCfg = Release|Any CPU
		{703F2932-D65D-4737-A3C8-FD3F2FAEC047}.Release|Any CPU.Build.0 = Release|Any CPU
	EndGlobalSection
	GlobalSection(SolutionProperties) = preSolution
		HideSolutionNode = FALSE
	EndGlobalSection
	GlobalSection(ExtensibilityGlobals) = postSolution
		SolutionGuid = {DCECC882-6903-43FD-9333-B80127E410A3}
	EndGlobalSection
EndGlobal
