
Microsoft Visual Studio Solution File, Format Version 12.00
# Visual Studio Version 17
VisualStudioVersion = 17.4.33122.133
MinimumVisualStudioVersion = 10.0.40219.1
Project("{FAE04EC0-301F-11D3-BF4B-00C04F79EFBC}") = "Lapa2.OOP", "Lapa2.OOP\Lapa2.OOP.csproj", "{8BFFE5F6-F63E-4BA7-8CBA-C9768F66C217}"
EndProject
Global
	GlobalSection(SolutionConfigurationPlatforms) = preSolution
		Debug|Any CPU = Debug|Any CPU
		Release|Any CPU = Release|Any CPU
	EndGlobalSection
	GlobalSection(ProjectConfigurationPlatforms) = postSolution
		{8BFFE5F6-F63E-4BA7-8CBA-C9768F66C217}.Debug|Any CPU.ActiveCfg = Debug|Any CPU
		{8BFFE5F6-F63E-4BA7-8CBA-C9768F66C217}.Debug|Any CPU.Build.0 = Debug|Any CPU
		{8BFFE5F6-F63E-4BA7-8CBA-C9768F66C217}.Release|Any CPU.ActiveCfg = Release|Any CPU
		{8BFFE5F6-F63E-4BA7-8CBA-C9768F66C217}.Release|Any CPU.Build.0 = Release|Any CPU
	EndGlobalSection
	GlobalSection(SolutionProperties) = preSolution
		HideSolutionNode = FALSE
	EndGlobalSection
	GlobalSection(ExtensibilityGlobals) = postSolution
		SolutionGuid = {9F9504DB-838A-45D5-85C1-4629F3F98AB7}
	EndGlobalSection
EndGlobal
