
Microsoft Visual Studio Solution File, Format Version 12.00
# Visual Studio Version 17
VisualStudioVersion = 17.4.33122.133
MinimumVisualStudioVersion = 10.0.40219.1
Project("{FAE04EC0-301F-11D3-BF4B-00C04F79EFBC}") = "Laba3OOP", "Laba3OOP\Laba3OOP.csproj", "{30790004-4131-4C0C-9765-979C790C00DD}"
EndProject
Global
	GlobalSection(SolutionConfigurationPlatforms) = preSolution
		Debug|Any CPU = Debug|Any CPU
		Release|Any CPU = Release|Any CPU
	EndGlobalSection
	GlobalSection(ProjectConfigurationPlatforms) = postSolution
		{30790004-4131-4C0C-9765-979C790C00DD}.Debug|Any CPU.ActiveCfg = Debug|Any CPU
		{30790004-4131-4C0C-9765-979C790C00DD}.Debug|Any CPU.Build.0 = Debug|Any CPU
		{30790004-4131-4C0C-9765-979C790C00DD}.Release|Any CPU.ActiveCfg = Release|Any CPU
		{30790004-4131-4C0C-9765-979C790C00DD}.Release|Any CPU.Build.0 = Release|Any CPU
	EndGlobalSection
	GlobalSection(SolutionProperties) = preSolution
		HideSolutionNode = FALSE
	EndGlobalSection
	GlobalSection(ExtensibilityGlobals) = postSolution
		SolutionGuid = {AE2316C1-0A1D-470F-A462-1EFC835B583D}
	EndGlobalSection
EndGlobal
